{
  "name": "src",
  "lockfileVersion": 3,
  "requires": true,
  "packages": {
    "": {
      "dependencies": {
        "@syncfusion/ej2-schedule": "^29.1.38"
      }
    },
    "node_modules/@syncfusion/ej2-base": {
      "version": "29.1.36",
      "resolved": "https://registry.npmjs.org/@syncfusion/ej2-base/-/ej2-base-29.1.36.tgz",
      "integrity": "sha512-XVRrymlbywtzNnxiaf/ByudElO3p7gieJuN2IHcs6FxsQNI60d3A5RdBqEF0znAH/KM0iSiWDFaaP2pqQltiEQ==",
      "dependencies": {
        "@syncfusion/ej2-icons": "~29.1.33"
      },
      "bin": {
        "syncfusion-license": "bin/syncfusion-license.js"
      }
    },
    "node_modules/@syncfusion/ej2-buttons": {
      "version": "29.1.34",
      "resolved": "https://registry.npmjs.org/@syncfusion/ej2-buttons/-/ej2-buttons-29.1.34.tgz",
      "integrity": "sha512-zCePhsc7w2OtRwifEzsWFvFgik2ISM03vwGrHbT3IZP5lbs9asrXOJUdxmhvqqH2/Jhv5LT0/oEILx2LclzQtw==",
      "dependencies": {
        "@syncfusion/ej2-base": "~29.1.33"
      }
    },
    "node_modules/@syncfusion/ej2-calendars": {
      "version": "29.1.35",
      "resolved": "https://registry.npmjs.org/@syncfusion/ej2-calendars/-/ej2-calendars-29.1.35.tgz",
      "integrity": "sha512-7uAAU6YsboaTxAJXHbyv2fSpdCF2kSgluwyiAIgCYISGf8DEjQlQsNdcqSkyu8FkQgKTAzicTj9sBOWiRBJEpg==",
      "dependencies": {
        "@syncfusion/ej2-base": "~29.1.35",
        "@syncfusion/ej2-buttons": "~29.1.34",
        "@syncfusion/ej2-inputs": "~29.1.34",
        "@syncfusion/ej2-lists": "~29.1.34",
        "@syncfusion/ej2-popups": "~29.1.35"
      }
    },
    "node_modules/@syncfusion/ej2-compression": {
      "version": "29.1.33",
      "resolved": "https://registry.npmjs.org/@syncfusion/ej2-compression/-/ej2-compression-29.1.33.tgz",
      "integrity": "sha512-NVVW988jmjMCuDl07jUyN7fO62Ak34dBZnLkew8/PzC1KqXj4abFvHmNJ+crUDaNq3kPvjR8YrhWDfLzLZGaZA==",
      "dependencies": {
        "@syncfusion/ej2-file-utils": "~29.1.33"
      }
    },
    "node_modules/@syncfusion/ej2-data": {
      "version": "29.1.33",
      "resolved": "https://registry.npmjs.org/@syncfusion/ej2-data/-/ej2-data-29.1.33.tgz",
      "integrity": "sha512-dqXJtljDm8fPmLl7kuO3GYuoF8xHtnUE7qwvFWE3VZTvJYWLyG68auf5gNCK47hckMp9zvgWXboTMXMBXpAkrA==",
      "dependencies": {
        "@syncfusion/ej2-base": "~29.1.33"
      }
    },
    "node_modules/@syncfusion/ej2-dropdowns": {
      "version": "29.1.38",
      "resolved": "https://registry.npmjs.org/@syncfusion/ej2-dropdowns/-/ej2-dropdowns-29.1.38.tgz",
      "integrity": "sha512-hk/D7lriDq7xDIwpbF6/s7dbXHLp8FQtHNu1IIPh4oM2/1nRE8NIc/LMpTJAxWuTTmHWZkWnvpQKTUdF/1LqDg==",
      "dependencies": {
        "@syncfusion/ej2-base": "~29.1.36",
        "@syncfusion/ej2-data": "~29.1.33",
        "@syncfusion/ej2-inputs": "~29.1.38",
        "@syncfusion/ej2-lists": "~29.1.34",
        "@syncfusion/ej2-navigations": "~29.1.38",
        "@syncfusion/ej2-notifications": "~29.1.33",
        "@syncfusion/ej2-popups": "~29.1.37"
      }
    },
    "node_modules/@syncfusion/ej2-excel-export": {
      "version": "29.1.33",
      "resolved": "https://registry.npmjs.org/@syncfusion/ej2-excel-export/-/ej2-excel-export-29.1.33.tgz",
      "integrity": "sha512-UOkX00nb45eTii+Y8kwsCn0Jkn+UBRwznF7l9d9MN9aIJ4zCg+AJ88V/SqASA7Y4+qtGR7I1f4b69Wr0uau0Zw==",
      "dependencies": {
        "@syncfusion/ej2-base": "~29.1.33",
        "@syncfusion/ej2-compression": "~29.1.33"
      }
    },
    "node_modules/@syncfusion/ej2-file-utils": {
      "version": "29.1.33",
      "resolved": "https://registry.npmjs.org/@syncfusion/ej2-file-utils/-/ej2-file-utils-29.1.33.tgz",
      "integrity": "sha512-RxHWK1Xk3Q1TP9XE93pWxwjheIygeeu6TkGvih8H7MQZUdr+igRYG65ii2OhFBAT26BndU7gtl3Jv5l+eZBNfA=="
    },
    "node_modules/@syncfusion/ej2-icons": {
      "version": "29.1.33",
      "resolved": "https://registry.npmjs.org/@syncfusion/ej2-icons/-/ej2-icons-29.1.33.tgz",
      "integrity": "sha512-kfhXGZ5QQAIkvqGdPXOnZCkPqKnyw0ieK74vfoFXv3UlJKLiSIAbkBxr8xOWn7k+FtlADDkGnOTAtIKUpyHBfQ=="
    },
    "node_modules/@syncfusion/ej2-inputs": {
      "version": "29.1.38",
      "resolved": "https://registry.npmjs.org/@syncfusion/ej2-inputs/-/ej2-inputs-29.1.38.tgz",
      "integrity": "sha512-SfDKbive8gGxPDwRbe4RpsJUM1W4k34ySqdzABfjaHXzY/Tv3runFsBBppstgbAPhXPaTGFfCULokt4JWWfCnA==",
      "dependencies": {
        "@syncfusion/ej2-base": "~29.1.36",
        "@syncfusion/ej2-buttons": "~29.1.34",
        "@syncfusion/ej2-popups": "~29.1.37",
        "@syncfusion/ej2-splitbuttons": "~29.1.33"
      }
    },
    "node_modules/@syncfusion/ej2-lists": {
      "version": "29.1.34",
      "resolved": "https://registry.npmjs.org/@syncfusion/ej2-lists/-/ej2-lists-29.1.34.tgz",
      "integrity": "sha512-8HbQcyVAKK7XrAbPoMz/0aGwOrCjmbD4c6RY7jnOIGyVRYeB7nZdg+kO4dPr6wXvXORGOgbNRW7Mm4XxbzLBsQ==",
      "dependencies": {
        "@syncfusion/ej2-base": "~29.1.33",
        "@syncfusion/ej2-buttons": "~29.1.33",
        "@syncfusion/ej2-data": "~29.1.33",
        "@syncfusion/ej2-popups": "~29.1.33"
      }
    },
    "node_modules/@syncfusion/ej2-navigations": {
      "version": "29.1.38",
      "resolved": "https://registry.npmjs.org/@syncfusion/ej2-navigations/-/ej2-navigations-29.1.38.tgz",
      "integrity": "sha512-vQiUDpg3LGcbS0BOqpRGrsnTbTd1+fUFPHgyDD4AN9VLQFAflFLR8YhYL118Fj+9wu3nP97Db4KQ8S0VKX8+gg==",
      "dependencies": {
        "@syncfusion/ej2-base": "~29.1.36",
        "@syncfusion/ej2-buttons": "~29.1.34",
        "@syncfusion/ej2-data": "~29.1.33",
        "@syncfusion/ej2-inputs": "~29.1.38",
        "@syncfusion/ej2-lists": "~29.1.34",
        "@syncfusion/ej2-popups": "~29.1.37"
      }
    },
    "node_modules/@syncfusion/ej2-notifications": {
      "version": "29.1.33",
      "resolved": "https://registry.npmjs.org/@syncfusion/ej2-notifications/-/ej2-notifications-29.1.33.tgz",
      "integrity": "sha512-MNKwBHXlDeuvjn+BDeIc77Ei2PGm7egiKnIZoP4A93fxZCetaiqLLUbGOHHJYmvOPuL4OOifNXcKSrhMA6RcrQ==",
      "dependencies": {
        "@syncfusion/ej2-base": "~29.1.33",
        "@syncfusion/ej2-buttons": "~29.1.33",
        "@syncfusion/ej2-popups": "~29.1.33"
      }
    },
    "node_modules/@syncfusion/ej2-popups": {
      "version": "29.1.37",
      "resolved": "https://registry.npmjs.org/@syncfusion/ej2-popups/-/ej2-popups-29.1.37.tgz",
      "integrity": "sha512-0LAqQeYVu+eOu21ZXWkjycej4gOgfuR9A2Zm+GsgF+jskvL6ev47hCHg60zjlt9dowHPGJimz2ksKLDulyP64A==",
      "dependencies": {
        "@syncfusion/ej2-base": "~29.1.36",
        "@syncfusion/ej2-buttons": "~29.1.34"
      }
    },
    "node_modules/@syncfusion/ej2-schedule": {
      "version": "29.1.38",
      "resolved": "https://registry.npmjs.org/@syncfusion/ej2-schedule/-/ej2-schedule-29.1.38.tgz",
      "integrity": "sha512-srvPsjGL2nF79Z+z2mHviVNGm9XfPko+YsaF83PsfdQ2izxUwvPXa9GFCyu/XL7s/aQBgNscoKYKnEpAKZ/Njg==",
      "dependencies": {
        "@syncfusion/ej2-base": "~29.1.36",
        "@syncfusion/ej2-buttons": "~29.1.34",
        "@syncfusion/ej2-calendars": "~29.1.35",
        "@syncfusion/ej2-data": "~29.1.33",
        "@syncfusion/ej2-dropdowns": "~29.1.38",
        "@syncfusion/ej2-excel-export": "~29.1.33",
        "@syncfusion/ej2-inputs": "~29.1.38",
        "@syncfusion/ej2-lists": "~29.1.34",
        "@syncfusion/ej2-navigations": "~29.1.38",
        "@syncfusion/ej2-popups": "~29.1.37"
      }
    },
    "node_modules/@syncfusion/ej2-splitbuttons": {
      "version": "29.1.33",
      "resolved": "https://registry.npmjs.org/@syncfusion/ej2-splitbuttons/-/ej2-splitbuttons-29.1.33.tgz",
      "integrity": "sha512-ScZpb7fiBOd/55AkpFZPvcFrTs6MiEkUFtH8vtqrV1G9cmgCJ8zl+6QbJjAtCOsWYEWPA70Qh5JKppMXJWkhGw==",
      "dependencies": {
        "@syncfusion/ej2-base": "~29.1.33",
        "@syncfusion/ej2-popups": "~29.1.33"
      }
    }
  }
}
